// !$*UTF8*$!
{
	archiveVersion = 1;
	classes = {
	};
	objectVersion = 46;
	objects = {

/* Begin PBXBuildFile section */
		22A5E1D41C223D21006E7C52 /* ShapeView.swift in Sources */ = {isa = PBXBuildFile; fileRef = 22A5E1D31C223D21006E7C52 /* ShapeView.swift */; };
		8695E5581C21E8E000043075 /* just blaze tapsnare.WAV in Resources */ = {isa = PBXBuildFile; fileRef = 8695E5571C21E8E000043075 /* just blaze tapsnare.WAV */; };
		8695E55A1C21EA0200043075 /* just blaze hipsnare.WAV in Resources */ = {isa = PBXBuildFile; fileRef = 8695E5591C21EA0200043075 /* just blaze hipsnare.WAV */; };
		DC2F9F781BF8541500237A99 /* AppDelegate.swift in Sources */ = {isa = PBXBuildFile; fileRef = DC2F9F771BF8541500237A99 /* AppDelegate.swift */; };
		DC2F9F7A1BF8541500237A99 /* ViewController.swift in Sources */ = {isa = PBXBuildFile; fileRef = DC2F9F791BF8541500237A99 /* ViewController.swift */; };
		DC2F9F7D1BF8541500237A99 /* Main.storyboard in Resources */ = {isa = PBXBuildFile; fileRef = DC2F9F7B1BF8541500237A99 /* Main.storyboard */; };
		DC2F9F7F1BF8541500237A99 /* Assets.xcassets in Resources */ = {isa = PBXBuildFile; fileRef = DC2F9F7E1BF8541500237A99 /* Assets.xcassets */; };
		DC2F9F821BF8541500237A99 /* LaunchScreen.storyboard in Resources */ = {isa = PBXBuildFile; fileRef = DC2F9F801BF8541500237A99 /* LaunchScreen.storyboard */; };
		DC2F9F8D1BF8541500237A99 /* algorhythmTests.swift in Sources */ = {isa = PBXBuildFile; fileRef = DC2F9F8C1BF8541500237A99 /* algorhythmTests.swift */; };
		DC2F9F981BF8541500237A99 /* algorhythmUITests.swift in Sources */ = {isa = PBXBuildFile; fileRef = DC2F9F971BF8541500237A99 /* algorhythmUITests.swift */; };
		DC2F9FAB1BF86E9600237A99 /* loopViewController.swift in Sources */ = {isa = PBXBuildFile; fileRef = DC2F9FAA1BF86E9600237A99 /* loopViewController.swift */; };
		DC2F9FAD1BF87C4500237A99 /* Pong.wav in Resources */ = {isa = PBXBuildFile; fileRef = DC2F9FAC1BF87C4500237A99 /* Pong.wav */; };
		DC2F9FB61BF8869600237A99 /* String.wav in Resources */ = {isa = PBXBuildFile; fileRef = DC2F9FB51BF8869600237A99 /* String.wav */; };
		DC2F9FB81BF8EFE500237A99 /* WoodBonk.wav in Resources */ = {isa = PBXBuildFile; fileRef = DC2F9FB71BF8EFE500237A99 /* WoodBonk.wav */; };
		DCF10A7C1C1F4B8A00A30DE5 /* just blaze &ound10.WAV in Resources */ = {isa = PBXBuildFile; fileRef = DCF10A7B1C1F4B8A00A30DE5 /* just blaze &ound10.WAV */; };
		DCF10A801C1F540800A30DE5 /* just blaze bksnare2.WAV in Resources */ = {isa = PBXBuildFile; fileRef = DCF10A7F1C1F540800A30DE5 /* just blaze bksnare2.WAV */; };
		DCF10A821C1F556300A30DE5 /* just blaze exmple 38.WAV in Resources */ = {isa = PBXBuildFile; fileRef = DCF10A811C1F556300A30DE5 /* just blaze exmple 38.WAV */; };
		DCF10A841C1F575D00A30DE5 /* just blaze fullkick.WAV in Resources */ = {isa = PBXBuildFile; fileRef = DCF10A831C1F575D00A30DE5 /* just blaze fullkick.WAV */; };
		DCF10A881C1F58FC00A30DE5 /* just blaze hisnare.WAV in Resources */ = {isa = PBXBuildFile; fileRef = DCF10A871C1F58FC00A30DE5 /* just blaze hisnare.WAV */; };
/* End PBXBuildFile section */

/* Begin PBXContainerItemProxy section */
		DC2F9F891BF8541500237A99 /* PBXContainerItemProxy */ = {
			isa = PBXContainerItemProxy;
			containerPortal = DC2F9F6C1BF8541500237A99 /* Project object */;
			proxyType = 1;
			remoteGlobalIDString = DC2F9F731BF8541500237A99;
			remoteInfo = algorhythm;
		};
		DC2F9F941BF8541500237A99 /* PBXContainerItemProxy */ = {
			isa = PBXContainerItemProxy;
			containerPortal = DC2F9F6C1BF8541500237A99 /* Project object */;
			proxyType = 1;
			remoteGlobalIDString = DC2F9F731BF8541500237A99;
			remoteInfo = algorhythm;
		};
/* End PBXContainerItemProxy section */

/* Begin PBXFileReference section */
		22A5E1D31C223D21006E7C52 /* ShapeView.swift */ = {isa = PBXFileReference; fileEncoding = 4; lastKnownFileType = sourcecode.swift; path = ShapeView.swift; sourceTree = "<group>"; };
		8695E5571C21E8E000043075 /* just blaze tapsnare.WAV */ = {isa = PBXFileReference; lastKnownFileType = audio.wav; path = "just blaze tapsnare.WAV"; sourceTree = "<group>"; };
		8695E5591C21EA0200043075 /* just blaze hipsnare.WAV */ = {isa = PBXFileReference; lastKnownFileType = audio.wav; path = "just blaze hipsnare.WAV"; sourceTree = "<group>"; };
		DC2F9F741BF8541500237A99 /* algorhythm.app */ = {isa = PBXFileReference; explicitFileType = wrapper.application; includeInIndex = 0; path = algorhythm.app; sourceTree = BUILT_PRODUCTS_DIR; };
		DC2F9F771BF8541500237A99 /* AppDelegate.swift */ = {isa = PBXFileReference; lastKnownFileType = sourcecode.swift; path = AppDelegate.swift; sourceTree = "<group>"; };
		DC2F9F791BF8541500237A99 /* ViewController.swift */ = {isa = PBXFileReference; lastKnownFileType = sourcecode.swift; path = ViewController.swift; sourceTree = "<group>"; };
		DC2F9F7C1BF8541500237A99 /* Base */ = {isa = PBXFileReference; lastKnownFileType = file.storyboard; name = Base; path = Base.lproj/Main.storyboard; sourceTree = "<group>"; };
		DC2F9F7E1BF8541500237A99 /* Assets.xcassets */ = {isa = PBXFileReference; lastKnownFileType = folder.assetcatalog; path = Assets.xcassets; sourceTree = "<group>"; };
		DC2F9F811BF8541500237A99 /* Base */ = {isa = PBXFileReference; lastKnownFileType = file.storyboard; name = Base; path = Base.lproj/LaunchScreen.storyboard; sourceTree = "<group>"; };
		DC2F9F831BF8541500237A99 /* Info.plist */ = {isa = PBXFileReference; lastKnownFileType = text.plist.xml; path = Info.plist; sourceTree = "<group>"; };
		DC2F9F881BF8541500237A99 /* algorhythmTests.xctest */ = {isa = PBXFileReference; explicitFileType = wrapper.cfbundle; includeInIndex = 0; path = algorhythmTests.xctest; sourceTree = BUILT_PRODUCTS_DIR; };
		DC2F9F8C1BF8541500237A99 /* algorhythmTests.swift */ = {isa = PBXFileReference; lastKnownFileType = sourcecode.swift; path = algorhythmTests.swift; sourceTree = "<group>"; };
		DC2F9F8E1BF8541500237A99 /* Info.plist */ = {isa = PBXFileReference; lastKnownFileType = text.plist.xml; path = Info.plist; sourceTree = "<group>"; };
		DC2F9F931BF8541500237A99 /* algorhythmUITests.xctest */ = {isa = PBXFileReference; explicitFileType = wrapper.cfbundle; includeInIndex = 0; path = algorhythmUITests.xctest; sourceTree = BUILT_PRODUCTS_DIR; };
		DC2F9F971BF8541500237A99 /* algorhythmUITests.swift */ = {isa = PBXFileReference; lastKnownFileType = sourcecode.swift; path = algorhythmUITests.swift; sourceTree = "<group>"; };
		DC2F9F991BF8541500237A99 /* Info.plist */ = {isa = PBXFileReference; lastKnownFileType = text.plist.xml; path = Info.plist; sourceTree = "<group>"; };
		DC2F9FAA1BF86E9600237A99 /* loopViewController.swift */ = {isa = PBXFileReference; fileEncoding = 4; lastKnownFileType = sourcecode.swift; path = loopViewController.swift; sourceTree = "<group>"; };
		DC2F9FAC1BF87C4500237A99 /* Pong.wav */ = {isa = PBXFileReference; lastKnownFileType = audio.wav; name = Pong.wav; path = algorhythm/Pong.wav; sourceTree = "<group>"; };
		DC2F9FB51BF8869600237A99 /* String.wav */ = {isa = PBXFileReference; lastKnownFileType = audio.wav; name = String.wav; path = algorhythm/String.wav; sourceTree = "<group>"; };
		DC2F9FB71BF8EFE500237A99 /* WoodBonk.wav */ = {isa = PBXFileReference; lastKnownFileType = audio.wav; name = WoodBonk.wav; path = algorhythm/WoodBonk.wav; sourceTree = "<group>"; };
		DCF10A7B1C1F4B8A00A30DE5 /* just blaze &ound10.WAV */ = {isa = PBXFileReference; lastKnownFileType = audio.wav; path = "just blaze &ound10.WAV"; sourceTree = "<group>"; };
		DCF10A7F1C1F540800A30DE5 /* just blaze bksnare2.WAV */ = {isa = PBXFileReference; lastKnownFileType = audio.wav; path = "just blaze bksnare2.WAV"; sourceTree = "<group>"; };
		DCF10A811C1F556300A30DE5 /* just blaze exmple 38.WAV */ = {isa = PBXFileReference; lastKnownFileType = audio.wav; path = "just blaze exmple 38.WAV"; sourceTree = "<group>"; };
		DCF10A831C1F575D00A30DE5 /* just blaze fullkick.WAV */ = {isa = PBXFileReference; lastKnownFileType = audio.wav; path = "just blaze fullkick.WAV"; sourceTree = "<group>"; };
		DCF10A871C1F58FC00A30DE5 /* just blaze hisnare.WAV */ = {isa = PBXFileReference; lastKnownFileType = audio.wav; path = "just blaze hisnare.WAV"; sourceTree = "<group>"; };
/* End PBXFileReference section */

/* Begin PBXFrameworksBuildPhase section */
		DC2F9F711BF8541500237A99 /* Frameworks */ = {
			isa = PBXFrameworksBuildPhase;
			buildActionMask = 2147483647;
			files = (
			);
			runOnlyForDeploymentPostprocessing = 0;
		};
		DC2F9F851BF8541500237A99 /* Frameworks */ = {
			isa = PBXFrameworksBuildPhase;
			buildActionMask = 2147483647;
			files = (
			);
			runOnlyForDeploymentPostprocessing = 0;
		};
		DC2F9F901BF8541500237A99 /* Frameworks */ = {
			isa = PBXFrameworksBuildPhase;
			buildActionMask = 2147483647;
			files = (
			);
			runOnlyForDeploymentPostprocessing = 0;
		};
/* End PBXFrameworksBuildPhase section */

/* Begin PBXGroup section */
		DC2F9F6B1BF8541500237A99 = {
			isa = PBXGroup;
			children = (
				DC2F9FB01BF87D9B00237A99 /* sound */,
				DC2F9F761BF8541500237A99 /* algorhythm */,
				DC2F9F8B1BF8541500237A99 /* algorhythmTests */,
				DC2F9F961BF8541500237A99 /* algorhythmUITests */,
				DC2F9F751BF8541500237A99 /* Products */,
			);
			sourceTree = "<group>";
		};
		DC2F9F751BF8541500237A99 /* Products */ = {
			isa = PBXGroup;
			children = (
				DC2F9F741BF8541500237A99 /* algorhythm.app */,
				DC2F9F881BF8541500237A99 /* algorhythmTests.xctest */,
				DC2F9F931BF8541500237A99 /* algorhythmUITests.xctest */,
			);
			name = Products;
			sourceTree = "<group>";
		};
		DC2F9F761BF8541500237A99 /* algorhythm */ = {
			isa = PBXGroup;
			children = (
				DC2F9F771BF8541500237A99 /* AppDelegate.swift */,
				DC2F9F791BF8541500237A99 /* ViewController.swift */,
				DC2F9F7B1BF8541500237A99 /* Main.storyboard */,
				DC2F9FAA1BF86E9600237A99 /* loopViewController.swift */,
				DC2F9F7E1BF8541500237A99 /* Assets.xcassets */,
				DC2F9F801BF8541500237A99 /* LaunchScreen.storyboard */,
				DC2F9F831BF8541500237A99 /* Info.plist */,
				22A5E1D31C223D21006E7C52 /* ShapeView.swift */,
			);
			path = algorhythm;
			sourceTree = "<group>";
		};
		DC2F9F8B1BF8541500237A99 /* algorhythmTests */ = {
			isa = PBXGroup;
			children = (
				DC2F9F8C1BF8541500237A99 /* algorhythmTests.swift */,
				DC2F9F8E1BF8541500237A99 /* Info.plist */,
			);
			path = algorhythmTests;
			sourceTree = "<group>";
		};
		DC2F9F961BF8541500237A99 /* algorhythmUITests */ = {
			isa = PBXGroup;
			children = (
				DC2F9F971BF8541500237A99 /* algorhythmUITests.swift */,
				DC2F9F991BF8541500237A99 /* Info.plist */,
			);
			path = algorhythmUITests;
			sourceTree = "<group>";
		};
		DC2F9FB01BF87D9B00237A99 /* sound */ = {
			isa = PBXGroup;
			children = (
				DCF10A7B1C1F4B8A00A30DE5 /* just blaze &ound10.WAV */,
				DC2F9FB51BF8869600237A99 /* String.wav */,
				DC2F9FB71BF8EFE500237A99 /* WoodBonk.wav */,
				DCF10A831C1F575D00A30DE5 /* just blaze fullkick.WAV */,
				8695E5591C21EA0200043075 /* just blaze hipsnare.WAV */,
				8695E5571C21E8E000043075 /* just blaze tapsnare.WAV */,
				DCF10A7F1C1F540800A30DE5 /* just blaze bksnare2.WAV */,
				DCF10A811C1F556300A30DE5 /* just blaze exmple 38.WAV */,
				DCF10A871C1F58FC00A30DE5 /* just blaze hisnare.WAV */,
				DC2F9FAC1BF87C4500237A99 /* Pong.wav */,
			);
			name = sound;
			sourceTree = "<group>";
		};
/* End PBXGroup section */

/* Begin PBXNativeTarget section */
		DC2F9F731BF8541500237A99 /* algorhythm */ = {
			isa = PBXNativeTarget;
			buildConfigurationList = DC2F9F9C1BF8541500237A99 /* Build configuration list for PBXNativeTarget "algorhythm" */;
			buildPhases = (
				DC2F9F701BF8541500237A99 /* Sources */,
				DC2F9F711BF8541500237A99 /* Frameworks */,
				DC2F9F721BF8541500237A99 /* Resources */,
			);
			buildRules = (
			);
			dependencies = (
			);
			name = algorhythm;
			productName = algorhythm;
			productReference = DC2F9F741BF8541500237A99 /* algorhythm.app */;
			productType = "com.apple.product-type.application";
		};
		DC2F9F871BF8541500237A99 /* algorhythmTests */ = {
			isa = PBXNativeTarget;
			buildConfigurationList = DC2F9F9F1BF8541500237A99 /* Build configuration list for PBXNativeTarget "algorhythmTests" */;
			buildPhases = (
				DC2F9F841BF8541500237A99 /* Sources */,
				DC2F9F851BF8541500237A99 /* Frameworks */,
				DC2F9F861BF8541500237A99 /* Resources */,
			);
			buildRules = (
			);
			dependencies = (
				DC2F9F8A1BF8541500237A99 /* PBXTargetDependency */,
			);
			name = algorhythmTests;
			productName = algorhythmTests;
			productReference = DC2F9F881BF8541500237A99 /* algorhythmTests.xctest */;
			productType = "com.apple.product-type.bundle.unit-test";
		};
		DC2F9F921BF8541500237A99 /* algorhythmUITests */ = {
			isa = PBXNativeTarget;
			buildConfigurationList = DC2F9FA21BF8541500237A99 /* Build configuration list for PBXNativeTarget "algorhythmUITests" */;
			buildPhases = (
				DC2F9F8F1BF8541500237A99 /* Sources */,
				DC2F9F901BF8541500237A99 /* Frameworks */,
				DC2F9F911BF8541500237A99 /* Resources */,
			);
			buildRules = (
			);
			dependencies = (
				DC2F9F951BF8541500237A99 /* PBXTargetDependency */,
			);
			name = algorhythmUITests;
			productName = algorhythmUITests;
			productReference = DC2F9F931BF8541500237A99 /* algorhythmUITests.xctest */;
			productType = "com.apple.product-type.bundle.ui-testing";
		};
/* End PBXNativeTarget section */

/* Begin PBXProject section */
		DC2F9F6C1BF8541500237A99 /* Project object */ = {
			isa = PBXProject;
			attributes = {
				LastSwiftUpdateCheck = 0710;
				LastUpgradeCheck = 0710;
				ORGANIZATIONNAME = sansserif;
				TargetAttributes = {
					DC2F9F731BF8541500237A99 = {
						CreatedOnToolsVersion = 7.1;
						DevelopmentTeam = 7CUB7B84B4;
					};
					DC2F9F871BF8541500237A99 = {
						CreatedOnToolsVersion = 7.1;
						DevelopmentTeam = 7CUB7B84B4;
						TestTargetID = DC2F9F731BF8541500237A99;
					};
					DC2F9F921BF8541500237A99 = {
						CreatedOnToolsVersion = 7.1;
						DevelopmentTeam = 7CUB7B84B4;
						TestTargetID = DC2F9F731BF8541500237A99;
					};
				};
			};
			buildConfigurationList = DC2F9F6F1BF8541500237A99 /* Build configuration list for PBXProject "algorhythm" */;
			compatibilityVersion = "Xcode 3.2";
			developmentRegion = English;
			hasScannedForEncodings = 0;
			knownRegions = (
				en,
				Base,
			);
			mainGroup = DC2F9F6B1BF8541500237A99;
			productRefGroup = DC2F9F751BF8541500237A99 /* Products */;
			projectDirPath = "";
			projectRoot = "";
			targets = (
				DC2F9F731BF8541500237A99 /* algorhythm */,
				DC2F9F871BF8541500237A99 /* algorhythmTests */,
				DC2F9F921BF8541500237A99 /* algorhythmUITests */,
			);
		};
/* End PBXProject section */

/* Begin PBXResourcesBuildPhase section */
		DC2F9F721BF8541500237A99 /* Resources */ = {
			isa = PBXResourcesBuildPhase;
			buildActionMask = 2147483647;
			files = (
				DCF10A7C1C1F4B8A00A30DE5 /* just blaze &ound10.WAV in Resources */,
				8695E55A1C21EA0200043075 /* just blaze hipsnare.WAV in Resources */,
				DCF10A821C1F556300A30DE5 /* just blaze exmple 38.WAV in Resources */,
				DCF10A841C1F575D00A30DE5 /* just blaze fullkick.WAV in Resources */,
				DC2F9FB81BF8EFE500237A99 /* WoodBonk.wav in Resources */,
				DC2F9FB61BF8869600237A99 /* String.wav in Resources */,
				8695E5581C21E8E000043075 /* just blaze tapsnare.WAV in Resources */,
				DC2F9FAD1BF87C4500237A99 /* Pong.wav in Resources */,
				DCF10A881C1F58FC00A30DE5 /* just blaze hisnare.WAV in Resources */,
				DC2F9F821BF8541500237A99 /* LaunchScreen.storyboard in Resources */,
				DC2F9F7F1BF8541500237A99 /* Assets.xcassets in Resources */,
				DC2F9F7D1BF8541500237A99 /* Main.storyboard in Resources */,
				DCF10A801C1F540800A30DE5 /* just blaze bksnare2.WAV in Resources */,
			);
			runOnlyForDeploymentPostprocessing = 0;
		};
		DC2F9F861BF8541500237A99 /* Resources */ = {
			isa = PBXResourcesBuildPhase;
			buildActionMask = 2147483647;
			files = (
			);
			runOnlyForDeploymentPostprocessing = 0;
		};
		DC2F9F911BF8541500237A99 /* Resources */ = {
			isa = PBXResourcesBuildPhase;
			buildActionMask = 2147483647;
			files = (
			);
			runOnlyForDeploymentPostprocessing = 0;
		};
/* End PBXResourcesBuildPhase section */

/* Begin PBXSourcesBuildPhase section */
		DC2F9F701BF8541500237A99 /* Sources */ = {
			isa = PBXSourcesBuildPhase;
			buildActionMask = 2147483647;
			files = (
				22A5E1D41C223D21006E7C52 /* ShapeView.swift in Sources */,
				DC2F9F7A1BF8541500237A99 /* ViewController.swift in Sources */,
				DC2F9F781BF8541500237A99 /* AppDelegate.swift in Sources */,
				DC2F9FAB1BF86E9600237A99 /* loopViewController.swift in Sources */,
			);
			runOnlyForDeploymentPostprocessing = 0;
		};
		DC2F9F841BF8541500237A99 /* Sources */ = {
			isa = PBXSourcesBuildPhase;
			buildActionMask = 2147483647;
			files = (
				DC2F9F8D1BF8541500237A99 /* algorhythmTests.swift in Sources */,
			);
			runOnlyForDeploymentPostprocessing = 0;
		};
		DC2F9F8F1BF8541500237A99 /* Sources */ = {
			isa = PBXSourcesBuildPhase;
			buildActionMask = 2147483647;
			files = (
				DC2F9F981BF8541500237A99 /* algorhythmUITests.swift in Sources */,
			);
			runOnlyForDeploymentPostprocessing = 0;
		};
/* End PBXSourcesBuildPhase section */

/* Begin PBXTargetDependency section */
		DC2F9F8A1BF8541500237A99 /* PBXTargetDependency */ = {
			isa = PBXTargetDependency;
			target = DC2F9F731BF8541500237A99 /* algorhythm */;
			targetProxy = DC2F9F891BF8541500237A99 /* PBXContainerItemProxy */;
		};
		DC2F9F951BF8541500237A99 /* PBXTargetDependency */ = {
			isa = PBXTargetDependency;
			target = DC2F9F731BF8541500237A99 /* algorhythm */;
			targetProxy = DC2F9F941BF8541500237A99 /* PBXContainerItemProxy */;
		};
/* End PBXTargetDependency section */

/* Begin PBXVariantGroup section */
		DC2F9F7B1BF8541500237A99 /* Main.storyboard */ = {
			isa = PBXVariantGroup;
			children = (
				DC2F9F7C1BF8541500237A99 /* Base */,
			);
			name = Main.storyboard;
			sourceTree = "<group>";
		};
		DC2F9F801BF8541500237A99 /* LaunchScreen.storyboard */ = {
			isa = PBXVariantGroup;
			children = (
				DC2F9F811BF8541500237A99 /* Base */,
			);
			name = LaunchScreen.storyboard;
			sourceTree = "<group>";
		};
/* End PBXVariantGroup section */

/* Begin XCBuildConfiguration section */
		DC2F9F9A1BF8541500237A99 /* Debug */ = {
			isa = XCBuildConfiguration;
			buildSettings = {
				ALWAYS_SEARCH_USER_PATHS = NO;
				CLANG_CXX_LANGUAGE_STANDARD = "gnu++0x";
				CLANG_CXX_LIBRARY = "libc++";
				CLANG_ENABLE_MODULES = YES;
				CLANG_ENABLE_OBJC_ARC = YES;
				CLANG_WARN_BOOL_CONVERSION = YES;
				CLANG_WARN_CONSTANT_CONVERSION = YES;
				CLANG_WARN_DIRECT_OBJC_ISA_USAGE = YES_ERROR;
				CLANG_WARN_EMPTY_BODY = YES;
				CLANG_WARN_ENUM_CONVERSION = YES;
				CLANG_WARN_INT_CONVERSION = YES;
				CLANG_WARN_OBJC_ROOT_CLASS = YES_ERROR;
				CLANG_WARN_UNREACHABLE_CODE = YES;
				CLANG_WARN__DUPLICATE_METHOD_MATCH = YES;
				"CODE_SIGN_IDENTITY[sdk=iphoneos*]" = "iPhone Developer";
				COPY_PHASE_STRIP = NO;
				DEBUG_INFORMATION_FORMAT = dwarf;
				ENABLE_STRICT_OBJC_MSGSEND = YES;
				ENABLE_TESTABILITY = YES;
				GCC_C_LANGUAGE_STANDARD = gnu99;
				GCC_DYNAMIC_NO_PIC = NO;
				GCC_NO_COMMON_BLOCKS = YES;
				GCC_OPTIMIZATION_LEVEL = 0;
				GCC_PREPROCESSOR_DEFINITIONS = (
					"DEBUG=1",
					"$(inherited)",
				);
				GCC_WARN_64_TO_32_BIT_CONVERSION = YES;
				GCC_WARN_ABOUT_RETURN_TYPE = YES_ERROR;
				GCC_WARN_UNDECLARED_SELECTOR = YES;
				GCC_WARN_UNINITIALIZED_AUTOS = YES_AGGRESSIVE;
				GCC_WARN_UNUSED_FUNCTION = YES;
				GCC_WARN_UNUSED_VARIABLE = YES;
				IPHONEOS_DEPLOYMENT_TARGET = 9.1;
				MTL_ENABLE_DEBUG_INFO = YES;
				ONLY_ACTIVE_ARCH = YES;
				SDKROOT = iphoneos;
				SWIFT_OPTIMIZATION_LEVEL = "-Onone";
			};
			name = Debug;
		};
		DC2F9F9B1BF8541500237A99 /* Release */ = {
			isa = XCBuildConfiguration;
			buildSettings = {
				ALWAYS_SEARCH_USER_PATHS = NO;
				CLANG_CXX_LANGUAGE_STANDARD = "gnu++0x";
				CLANG_CXX_LIBRARY = "libc++";
				CLANG_ENABLE_MODULES = YES;
				CLANG_ENABLE_OBJC_ARC = YES;
				CLANG_WARN_BOOL_CONVERSION = YES;
				CLANG_WARN_CONSTANT_CONVERSION = YES;
				CLANG_WARN_DIRECT_OBJC_ISA_USAGE = YES_ERROR;
				CLANG_WARN_EMPTY_BODY = YES;
				CLANG_WARN_ENUM_CONVERSION = YES;
				CLANG_WARN_INT_CONVERSION = YES;
				CLANG_WARN_OBJC_ROOT_CLASS = YES_ERROR;
				CLANG_WARN_UNREACHABLE_CODE = YES;
				CLANG_WARN__DUPLICATE_METHOD_MATCH = YES;
				"CODE_SIGN_IDENTITY[sdk=iphoneos*]" = "iPhone Developer";
				COPY_PHASE_STRIP = NO;
				DEBUG_INFORMATION_FORMAT = "dwarf-with-dsym";
				ENABLE_NS_ASSERTIONS = NO;
				ENABLE_STRICT_OBJC_MSGSEND = YES;
				GCC_C_LANGUAGE_STANDARD = gnu99;
				GCC_NO_COMMON_BLOCKS = YES;
				GCC_WARN_64_TO_32_BIT_CONVERSION = YES;
				GCC_WARN_ABOUT_RETURN_TYPE = YES_ERROR;
				GCC_WARN_UNDECLARED_SELECTOR = YES;
				GCC_WARN_UNINITIALIZED_AUTOS = YES_AGGRESSIVE;
				GCC_WARN_UNUSED_FUNCTION = YES;
				GCC_WARN_UNUSED_VARIABLE = YES;
				IPHONEOS_DEPLOYMENT_TARGET = 9.1;
				MTL_ENABLE_DEBUG_INFO = NO;
				SDKROOT = iphoneos;
				VALIDATE_PRODUCT = YES;
			};
			name = Release;
		};
		DC2F9F9D1BF8541500237A99 /* Debug */ = {
			isa = XCBuildConfiguration;
			buildSettings = {
				ASSETCATALOG_COMPILER_APPICON_NAME = AppIcon;
				CODE_SIGN_IDENTITY = "iPhone Developer";
				"CODE_SIGN_IDENTITY[sdk=iphoneos*]" = "iPhone Developer";
				INFOPLIST_FILE = algorhythm/Info.plist;
				IPHONEOS_DEPLOYMENT_TARGET = 8.3;
				LD_RUNPATH_SEARCH_PATHS = "$(inherited) @executable_path/Frameworks";
				PRODUCT_BUNDLE_IDENTIFIER = com.janak.algorhythm;
				PRODUCT_NAME = "$(TARGET_NAME)";
				PROVISIONING_PROFILE = "";
			};
			name = Debug;
		};
		DC2F9F9E1BF8541500237A99 /* Release */ = {
			isa = XCBuildConfiguration;
			buildSettings = {
				ASSETCATALOG_COMPILER_APPICON_NAME = AppIcon;
				CODE_SIGN_IDENTITY = "iPhone Developer";
				"CODE_SIGN_IDENTITY[sdk=iphoneos*]" = "iPhone Developer";
				INFOPLIST_FILE = algorhythm/Info.plist;
				IPHONEOS_DEPLOYMENT_TARGET = 8.3;
				LD_RUNPATH_SEARCH_PATHS = "$(inherited) @executable_path/Frameworks";
				PRODUCT_BUNDLE_IDENTIFIER = com.janak.algorhythm;
				PRODUCT_NAME = "$(TARGET_NAME)";
				PROVISIONING_PROFILE = "";
			};
			name = Release;
		};
		DC2F9FA01BF8541500237A99 /* Debug */ = {
			isa = XCBuildConfiguration;
			buildSettings = {
				BUNDLE_LOADER = "$(TEST_HOST)";
				INFOPLIST_FILE = algorhythmTests/Info.plist;
				LD_RUNPATH_SEARCH_PATHS = "$(inherited) @executable_path/Frameworks @loader_path/Frameworks";
				PRODUCT_BUNDLE_IDENTIFIER = sans.serif.algorhythmTests;
				PRODUCT_NAME = "$(TARGET_NAME)";
				TEST_HOST = "$(BUILT_PRODUCTS_DIR)/algorhythm.app/algorhythm";
			};
			name = Debug;
		};
		DC2F9FA11BF8541500237A99 /* Release */ = {
			isa = XCBuildConfiguration;
			buildSettings = {
				BUNDLE_LOADER = "$(TEST_HOST)";
				INFOPLIST_FILE = algorhythmTests/Info.plist;
				LD_RUNPATH_SEARCH_PATHS = "$(inherited) @executable_path/Frameworks @loader_path/Frameworks";
				PRODUCT_BUNDLE_IDENTIFIER = sans.serif.algorhythmTests;
				PRODUCT_NAME = "$(TARGET_NAME)";
				TEST_HOST = "$(BUILT_PRODUCTS_DIR)/algorhythm.app/algorhythm";
			};
			name = Release;
		};
		DC2F9FA31BF8541500237A99 /* Debug */ = {
			isa = XCBuildConfiguration;
			buildSettings = {
				INFOPLIST_FILE = algorhythmUITests/Info.plist;
				LD_RUNPATH_SEARCH_PATHS = "$(inherited) @executable_path/Frameworks @loader_path/Frameworks";
				PRODUCT_BUNDLE_IDENTIFIER = sans.serif.algorhythmUITests;
				PRODUCT_NAME = "$(TARGET_NAME)";
				TEST_TARGET_NAME = algorhythm;
				USES_XCTRUNNER = YES;
			};
			name = Debug;
		};
		DC2F9FA41BF8541500237A99 /* Release */ = {
			isa = XCBuildConfiguration;
			buildSettings = {
				INFOPLIST_FILE = algorhythmUITests/Info.plist;
				LD_RUNPATH_SEARCH_PATHS = "$(inherited) @executable_path/Frameworks @loader_path/Frameworks";
				PRODUCT_BUNDLE_IDENTIFIER = sans.serif.algorhythmUITests;
				PRODUCT_NAME = "$(TARGET_NAME)";
				TEST_TARGET_NAME = algorhythm;
				USES_XCTRUNNER = YES;
			};
			name = Release;
		};
/* End XCBuildConfiguration section */

/* Begin XCConfigurationList section */
		DC2F9F6F1BF8541500237A99 /* Build configuration list for PBXProject "algorhythm" */ = {
			isa = XCConfigurationList;
			buildConfigurations = (
				DC2F9F9A1BF8541500237A99 /* Debug */,
				DC2F9F9B1BF8541500237A99 /* Release */,
			);
			defaultConfigurationIsVisible = 0;
			defaultConfigurationName = Release;
		};
		DC2F9F9C1BF8541500237A99 /* Build configuration list for PBXNativeTarget "algorhythm" */ = {
			isa = XCConfigurationList;
			buildConfigurations = (
				DC2F9F9D1BF8541500237A99 /* Debug */,
				DC2F9F9E1BF8541500237A99 /* Release */,
			);
			defaultConfigurationIsVisible = 0;
			defaultConfigurationName = Release;
		};
		DC2F9F9F1BF8541500237A99 /* Build configuration list for PBXNativeTarget "algorhythmTests" */ = {
			isa = XCConfigurationList;
			buildConfigurations = (
				DC2F9FA01BF8541500237A99 /* Debug */,
				DC2F9FA11BF8541500237A99 /* Release */,
			);
			defaultConfigurationIsVisible = 0;
			defaultConfigurationName = Release;
		};
		DC2F9FA21BF8541500237A99 /* Build configuration list for PBXNativeTarget "algorhythmUITests" */ = {
			isa = XCConfigurationList;
			buildConfigurations = (
				DC2F9FA31BF8541500237A99 /* Debug */,
				DC2F9FA41BF8541500237A99 /* Release */,
			);
			defaultConfigurationIsVisible = 0;
			defaultConfigurationName = Release;
		};
/* End XCConfigurationList section */
	};
	rootObject = DC2F9F6C1BF8541500237A99 /* Project object */;
}
